
Microsoft Visual Studio Solution File, Format Version 12.00
# Visual Studio Version 17
VisualStudioVersion = 17.14.36301.6 d17.14
MinimumVisualStudioVersion = 10.0.40219.1
Project("{FAE04EC0-301F-11D3-BF4B-00C04F79EFBC}") = "CamenoDePetraWeb", "CamenoDePetraWeb\CamenoDePetraWeb.csproj", "{3A38DF0A-A853-4EB9-9F82-28B49CABEB89}"
EndProject
Global
	GlobalSection(SolutionConfigurationPlatforms) = preSolution
		Debug|Any CPU = Debug|Any CPU
		Release|Any CPU = Release|Any CPU
	EndGlobalSection
	GlobalSection(ProjectConfigurationPlatforms) = postSolution
		{3A38DF0A-A853-4EB9-9F82-28B49CABEB89}.Debug|Any CPU.ActiveCfg = Debug|Any CPU
		{3A38DF0A-A853-4EB9-9F82-28B49CABEB89}.Debug|Any CPU.Build.0 = Debug|Any CPU
		{3A38DF0A-A853-4EB9-9F82-28B49CABEB89}.Release|Any CPU.ActiveCfg = Release|Any CPU
		{3A38DF0A-A853-4EB9-9F82-28B49CABEB89}.Release|Any CPU.Build.0 = Release|Any CPU
	EndGlobalSection
	GlobalSection(SolutionProperties) = preSolution
		HideSolutionNode = FALSE
	EndGlobalSection
	GlobalSection(ExtensibilityGlobals) = postSolution
		SolutionGuid = {B2BEB876-89E0-4375-92C0-40CAD0E67E48}
	EndGlobalSection
EndGlobal
